
Microsoft Visual Studio Solution File, Format Version 12.00
# Visual Studio Version 16
VisualStudioVersion = 16.0.31624.102
MinimumVisualStudioVersion = 10.0.40219.1
Project("{FAE04EC0-301F-11D3-BF4B-00C04F79EFBC}") = "Escola", "Escola\Escola.csproj", "{3B4F9D72-52D0-4D6C-9F64-9ED2F81E37C7}"
EndProject
Global
	GlobalSection(SolutionConfigurationPlatforms) = preSolution
		Debug|Any CPU = Debug|Any CPU
		Release|Any CPU = Release|Any CPU
	EndGlobalSection
	GlobalSection(ProjectConfigurationPlatforms) = postSolution
		{3B4F9D72-52D0-4D6C-9F64-9ED2F81E37C7}.Debug|Any CPU.ActiveCfg = Debug|Any CPU
		{3B4F9D72-52D0-4D6C-9F64-9ED2F81E37C7}.Debug|Any CPU.Build.0 = Debug|Any CPU
		{3B4F9D72-52D0-4D6C-9F64-9ED2F81E37C7}.Release|Any CPU.ActiveCfg = Release|Any CPU
		{3B4F9D72-52D0-4D6C-9F64-9ED2F81E37C7}.Release|Any CPU.Build.0 = Release|Any CPU
	EndGlobalSection
	GlobalSection(SolutionProperties) = preSolution
		HideSolutionNode = FALSE
	EndGlobalSection
	GlobalSection(ExtensibilityGlobals) = postSolution
		SolutionGuid = {92A5DFED-80C6-47A1-9916-57AADFC63873}
	EndGlobalSection
EndGlobal
